
Microsoft Visual Studio Solution File, Format Version 12.00
# Visual Studio Version 17
VisualStudioVersion = 17.0.31919.166
MinimumVisualStudioVersion = 10.0.40219.1
Project("{FAE04EC0-301F-11D3-BF4B-00C04F79EFBC}") = "XBasicSeatingChart.UWP", "XBasicSeatingChart.UWP\XBasicSeatingChart.UWP.csproj", "{F3F69EC1-2BF1-4B59-8D33-33F17A8A67B5}"
EndProject
Project("{FAE04EC0-301F-11D3-BF4B-00C04F79EFBC}") = "XBasicSeatingChart.Android", "XBasicSeatingChart.Android\XBasicSeatingChart.Android.csproj", "{A3958E0F-DEA4-4238-8791-B9BF26E0C49D}"
EndProject
Project("{FAE04EC0-301F-11D3-BF4B-00C04F79EFBC}") = "XBasicSeatingChart.iOS", "XBasicSeatingChart.iOS\XBasicSeatingChart.iOS.csproj", "{0333A78C-1EC8-4626-BBA4-638A6E1DD120}"
EndProject
Project("{FAE04EC0-301F-11D3-BF4B-00C04F79EFBC}") = "XBasicSeatingChart", "XBasicSeatingChart\XBasicSeatingChart.csproj", "{AA25DFA1-92DB-4532-9DC6-461CBBDF52EC}"
EndProject
Global
	GlobalSection(SolutionConfigurationPlatforms) = preSolution
		Debug|Any CPU = Debug|Any CPU
		Debug|ARM = Debug|ARM
		Debug|iPhone = Debug|iPhone
		Debug|iPhoneSimulator = Debug|iPhoneSimulator
		Debug|x64 = Debug|x64
		Debug|x86 = Debug|x86
		Release|Any CPU = Release|Any CPU
		Release|ARM = Release|ARM
		Release|iPhone = Release|iPhone
		Release|iPhoneSimulator = Release|iPhoneSimulator
		Release|x64 = Release|x64
		Release|x86 = Release|x86
	EndGlobalSection
	GlobalSection(ProjectConfigurationPlatforms) = postSolution
		{F3F69EC1-2BF1-4B59-8D33-33F17A8A67B5}.Debug|Any CPU.ActiveCfg = Debug|x64
		{F3F69EC1-2BF1-4B59-8D33-33F17A8A67B5}.Debug|Any CPU.Build.0 = Debug|x64
		{F3F69EC1-2BF1-4B59-8D33-33F17A8A67B5}.Debug|Any CPU.Deploy.0 = Debug|x64
		{F3F69EC1-2BF1-4B59-8D33-33F17A8A67B5}.Debug|ARM.ActiveCfg = Debug|ARM
		{F3F69EC1-2BF1-4B59-8D33-33F17A8A67B5}.Debug|ARM.Build.0 = Debug|ARM
		{F3F69EC1-2BF1-4B59-8D33-33F17A8A67B5}.Debug|ARM.Deploy.0 = Debug|ARM
		{F3F69EC1-2BF1-4B59-8D33-33F17A8A67B5}.Debug|iPhone.ActiveCfg = Debug|x64
		{F3F69EC1-2BF1-4B59-8D33-33F17A8A67B5}.Debug|iPhone.Build.0 = Debug|x64
		{F3F69EC1-2BF1-4B59-8D33-33F17A8A67B5}.Debug|iPhone.Deploy.0 = Debug|x64
		{F3F69EC1-2BF1-4B59-8D33-33F17A8A67B5}.Debug|iPhoneSimulator.ActiveCfg = Debug|x64
		{F3F69EC1-2BF1-4B59-8D33-33F17A8A67B5}.Debug|iPhoneSimulator.Build.0 = Debug|x64
		{F3F69EC1-2BF1-4B59-8D33-33F17A8A67B5}.Debug|iPhoneSimulator.Deploy.0 = Debug|x64
		{F3F69EC1-2BF1-4B59-8D33-33F17A8A67B5}.Debug|x64.ActiveCfg = Debug|x64
		{F3F69EC1-2BF1-4B59-8D33-33F17A8A67B5}.Debug|x64.Build.0 = Debug|x64
		{F3F69EC1-2BF1-4B59-8D33-33F17A8A67B5}.Debug|x64.Deploy.0 = Debug|x64
		{F3F69EC1-2BF1-4B59-8D33-33F17A8A67B5}.Debug|x86.ActiveCfg = Debug|x86
		{F3F69EC1-2BF1-4B59-8D33-33F17A8A67B5}.Debug|x86.Build.0 = Debug|x86
		{F3F69EC1-2BF1-4B59-8D33-33F17A8A67B5}.Debug|x86.Deploy.0 = Debug|x86
		{F3F69EC1-2BF1-4B59-8D33-33F17A8A67B5}.Release|Any CPU.ActiveCfg = Release|x64
		{F3F69EC1-2BF1-4B59-8D33-33F17A8A67B5}.Release|Any CPU.Build.0 = Release|x64
		{F3F69EC1-2BF1-4B59-8D33-33F17A8A67B5}.Release|Any CPU.Deploy.0 = Release|x64
		{F3F69EC1-2BF1-4B59-8D33-33F17A8A67B5}.Release|ARM.ActiveCfg = Release|ARM
		{F3F69EC1-2BF1-4B59-8D33-33F17A8A67B5}.Release|ARM.Build.0 = Release|ARM
		{F3F69EC1-2BF1-4B59-8D33-33F17A8A67B5}.Release|ARM.Deploy.0 = Release|ARM
		{F3F69EC1-2BF1-4B59-8D33-33F17A8A67B5}.Release|iPhone.ActiveCfg = Release|x64
		{F3F69EC1-2BF1-4B59-8D33-33F17A8A67B5}.Release|iPhone.Build.0 = Release|x64
		{F3F69EC1-2BF1-4B59-8D33-33F17A8A67B5}.Release|iPhone.Deploy.0 = Release|x64
		{F3F69EC1-2BF1-4B59-8D33-33F17A8A67B5}.Release|iPhoneSimulator.ActiveCfg = Release|x64
		{F3F69EC1-2BF1-4B59-8D33-33F17A8A67B5}.Release|iPhoneSimulator.Build.0 = Release|x64
		{F3F69EC1-2BF1-4B59-8D33-33F17A8A67B5}.Release|iPhoneSimulator.Deploy.0 = Release|x64
		{F3F69EC1-2BF1-4B59-8D33-33F17A8A67B5}.Release|x64.ActiveCfg = Release|x64
		{F3F69EC1-2BF1-4B59-8D33-33F17A8A67B5}.Release|x64.Build.0 = Release|x64
		{F3F69EC1-2BF1-4B59-8D33-33F17A8A67B5}.Release|x64.Deploy.0 = Release|x64
		{F3F69EC1-2BF1-4B59-8D33-33F17A8A67B5}.Release|x86.ActiveCfg = Release|x86
		{F3F69EC1-2BF1-4B59-8D33-33F17A8A67B5}.Release|x86.Build.0 = Release|x86
		{F3F69EC1-2BF1-4B59-8D33-33F17A8A67B5}.Release|x86.Deploy.0 = Release|x86
		{A3958E0F-DEA4-4238-8791-B9BF26E0C49D}.Debug|Any CPU.ActiveCfg = Debug|Any CPU
		{A3958E0F-DEA4-4238-8791-B9BF26E0C49D}.Debug|Any CPU.Build.0 = Debug|Any CPU
		{A3958E0F-DEA4-4238-8791-B9BF26E0C49D}.Debug|Any CPU.Deploy.0 = Debug|Any CPU
		{A3958E0F-DEA4-4238-8791-B9BF26E0C49D}.Debug|ARM.ActiveCfg = Debug|Any CPU
		{A3958E0F-DEA4-4238-8791-B9BF26E0C49D}.Debug|ARM.Build.0 = Debug|Any CPU
		{A3958E0F-DEA4-4238-8791-B9BF26E0C49D}.Debug|ARM.Deploy.0 = Debug|Any CPU
		{A3958E0F-DEA4-4238-8791-B9BF26E0C49D}.Debug|iPhone.ActiveCfg = Debug|Any CPU
		{A3958E0F-DEA4-4238-8791-B9BF26E0C49D}.Debug|iPhone.Build.0 = Debug|Any CPU
		{A3958E0F-DEA4-4238-8791-B9BF26E0C49D}.Debug|iPhone.Deploy.0 = Debug|Any CPU
		{A3958E0F-DEA4-4238-8791-B9BF26E0C49D}.Debug|iPhoneSimulator.ActiveCfg = Debug|Any CPU
		{A3958E0F-DEA4-4238-8791-B9BF26E0C49D}.Debug|iPhoneSimulator.Build.0 = Debug|Any CPU
		{A3958E0F-DEA4-4238-8791-B9BF26E0C49D}.Debug|iPhoneSimulator.Deploy.0 = Debug|Any CPU
		{A3958E0F-DEA4-4238-8791-B9BF26E0C49D}.Debug|x64.ActiveCfg = Debug|Any CPU
		{A3958E0F-DEA4-4238-8791-B9BF26E0C49D}.Debug|x64.Build.0 = Debug|Any CPU
		{A3958E0F-DEA4-4238-8791-B9BF26E0C49D}.Debug|x64.Deploy.0 = Debug|Any CPU
		{A3958E0F-DEA4-4238-8791-B9BF26E0C49D}.Debug|x86.ActiveCfg = Debug|Any CPU
		{A3958E0F-DEA4-4238-8791-B9BF26E0C49D}.Debug|x86.Build.0 = Debug|Any CPU
		{A3958E0F-DEA4-4238-8791-B9BF26E0C49D}.Debug|x86.Deploy.0 = Debug|Any CPU
		{A3958E0F-DEA4-4238-8791-B9BF26E0C49D}.Release|Any CPU.ActiveCfg = Release|Any CPU
		{A3958E0F-DEA4-4238-8791-B9BF26E0C49D}.Release|Any CPU.Build.0 = Release|Any CPU
		{A3958E0F-DEA4-4238-8791-B9BF26E0C49D}.Release|Any CPU.Deploy.0 = Release|Any CPU
		{A3958E0F-DEA4-4238-8791-B9BF26E0C49D}.Release|ARM.ActiveCfg = Release|Any CPU
		{A3958E0F-DEA4-4238-8791-B9BF26E0C49D}.Release|ARM.Build.0 = Release|Any CPU
		{A3958E0F-DEA4-4238-8791-B9BF26E0C49D}.Release|ARM.Deploy.0 = Release|Any CPU
		{A3958E0F-DEA4-4238-8791-B9BF26E0C49D}.Release|iPhone.ActiveCfg = Release|Any CPU
		{A3958E0F-DEA4-4238-8791-B9BF26E0C49D}.Release|iPhone.Build.0 = Release|Any CPU
		{A3958E0F-DEA4-4238-8791-B9BF26E0C49D}.Release|iPhone.Deploy.0 = Release|Any CPU
		{A3958E0F-DEA4-4238-8791-B9BF26E0C49D}.Release|iPhoneSimulator.ActiveCfg = Release|Any CPU
		{A3958E0F-DEA4-4238-8791-B9BF26E0C49D}.Release|iPhoneSimulator.Build.0 = Release|Any CPU
		{A3958E0F-DEA4-4238-8791-B9BF26E0C49D}.Release|iPhoneSimulator.Deploy.0 = Release|Any CPU
		{A3958E0F-DEA4-4238-8791-B9BF26E0C49D}.Release|x64.ActiveCfg = Release|Any CPU
		{A3958E0F-DEA4-4238-8791-B9BF26E0C49D}.Release|x64.Build.0 = Release|Any CPU
		{A3958E0F-DEA4-4238-8791-B9BF26E0C49D}.Release|x64.Deploy.0 = Release|Any CPU
		{A3958E0F-DEA4-4238-8791-B9BF26E0C49D}.Release|x86.ActiveCfg = Release|Any CPU
		{A3958E0F-DEA4-4238-8791-B9BF26E0C49D}.Release|x86.Build.0 = Release|Any CPU
		{A3958E0F-DEA4-4238-8791-B9BF26E0C49D}.Release|x86.Deploy.0 = Release|Any CPU
		{0333A78C-1EC8-4626-BBA4-638A6E1DD120}.Debug|Any CPU.ActiveCfg = Debug|iPhoneSimulator
		{0333A78C-1EC8-4626-BBA4-638A6E1DD120}.Debug|Any CPU.Build.0 = Debug|iPhoneSimulator
		{0333A78C-1EC8-4626-BBA4-638A6E1DD120}.Debug|Any CPU.Deploy.0 = Debug|iPhoneSimulator
		{0333A78C-1EC8-4626-BBA4-638A6E1DD120}.Debug|ARM.ActiveCfg = Debug|iPhoneSimulator
		{0333A78C-1EC8-4626-BBA4-638A6E1DD120}.Debug|ARM.Build.0 = Debug|iPhoneSimulator
		{0333A78C-1EC8-4626-BBA4-638A6E1DD120}.Debug|ARM.Deploy.0 = Debug|iPhoneSimulator
		{0333A78C-1EC8-4626-BBA4-638A6E1DD120}.Debug|iPhone.ActiveCfg = Debug|iPhone
		{0333A78C-1EC8-4626-BBA4-638A6E1DD120}.Debug|iPhone.Build.0 = Debug|iPhone
		{0333A78C-1EC8-4626-BBA4-638A6E1DD120}.Debug|iPhone.Deploy.0 = Debug|iPhone
		{0333A78C-1EC8-4626-BBA4-638A6E1DD120}.Debug|iPhoneSimulator.ActiveCfg = Debug|iPhoneSimulator
		{0333A78C-1EC8-4626-BBA4-638A6E1DD120}.Debug|iPhoneSimulator.Build.0 = Debug|iPhoneSimulator
		{0333A78C-1EC8-4626-BBA4-638A6E1DD120}.Debug|iPhoneSimulator.Deploy.0 = Debug|iPhoneSimulator
		{0333A78C-1EC8-4626-BBA4-638A6E1DD120}.Debug|x64.ActiveCfg = Debug|iPhone
		{0333A78C-1EC8-4626-BBA4-638A6E1DD120}.Debug|x64.Build.0 = Debug|iPhone
		{0333A78C-1EC8-4626-BBA4-638A6E1DD120}.Debug|x64.Deploy.0 = Debug|iPhone
		{0333A78C-1EC8-4626-BBA4-638A6E1DD120}.Debug|x86.ActiveCfg = Debug|iPhoneSimulator
		{0333A78C-1EC8-4626-BBA4-638A6E1DD120}.Debug|x86.Build.0 = Debug|iPhoneSimulator
		{0333A78C-1EC8-4626-BBA4-638A6E1DD120}.Debug|x86.Deploy.0 = Debug|iPhoneSimulator
		{0333A78C-1EC8-4626-BBA4-638A6E1DD120}.Release|Any CPU.ActiveCfg = Release|iPhoneSimulator
		{0333A78C-1EC8-4626-BBA4-638A6E1DD120}.Release|Any CPU.Build.0 = Release|iPhoneSimulator
		{0333A78C-1EC8-4626-BBA4-638A6E1DD120}.Release|Any CPU.Deploy.0 = Release|iPhoneSimulator
		{0333A78C-1EC8-4626-BBA4-638A6E1DD120}.Release|ARM.ActiveCfg = Release|iPhoneSimulator
		{0333A78C-1EC8-4626-BBA4-638A6E1DD120}.Release|ARM.Build.0 = Release|iPhoneSimulator
		{0333A78C-1EC8-4626-BBA4-638A6E1DD120}.Release|ARM.Deploy.0 = Release|iPhoneSimulator
		{0333A78C-1EC8-4626-BBA4-638A6E1DD120}.Release|iPhone.ActiveCfg = Release|iPhone
		{0333A78C-1EC8-4626-BBA4-638A6E1DD120}.Release|iPhone.Build.0 = Release|iPhone
		{0333A78C-1EC8-4626-BBA4-638A6E1DD120}.Release|iPhone.Deploy.0 = Release|iPhone
		{0333A78C-1EC8-4626-BBA4-638A6E1DD120}.Release|iPhoneSimulator.ActiveCfg = Release|iPhoneSimulator
		{0333A78C-1EC8-4626-BBA4-638A6E1DD120}.Release|iPhoneSimulator.Build.0 = Release|iPhoneSimulator
		{0333A78C-1EC8-4626-BBA4-638A6E1DD120}.Release|iPhoneSimulator.Deploy.0 = Release|iPhoneSimulator
		{0333A78C-1EC8-4626-BBA4-638A6E1DD120}.Release|x64.ActiveCfg = Release|iPhoneSimulator
		{0333A78C-1EC8-4626-BBA4-638A6E1DD120}.Release|x64.Build.0 = Release|iPhoneSimulator
		{0333A78C-1EC8-4626-BBA4-638A6E1DD120}.Release|x64.Deploy.0 = Release|iPhoneSimulator
		{0333A78C-1EC8-4626-BBA4-638A6E1DD120}.Release|x86.ActiveCfg = Release|iPhoneSimulator
		{0333A78C-1EC8-4626-BBA4-638A6E1DD120}.Release|x86.Build.0 = Release|iPhoneSimulator
		{0333A78C-1EC8-4626-BBA4-638A6E1DD120}.Release|x86.Deploy.0 = Release|iPhoneSimulator
		{AA25DFA1-92DB-4532-9DC6-461CBBDF52EC}.Debug|Any CPU.ActiveCfg = Debug|Any CPU
		{AA25DFA1-92DB-4532-9DC6-461CBBDF52EC}.Debug|Any CPU.Build.0 = Debug|Any CPU
		{AA25DFA1-92DB-4532-9DC6-461CBBDF52EC}.Debug|Any CPU.Deploy.0 = Debug|Any CPU
		{AA25DFA1-92DB-4532-9DC6-461CBBDF52EC}.Debug|ARM.ActiveCfg = Debug|Any CPU
		{AA25DFA1-92DB-4532-9DC6-461CBBDF52EC}.Debug|ARM.Build.0 = Debug|Any CPU
		{AA25DFA1-92DB-4532-9DC6-461CBBDF52EC}.Debug|ARM.Deploy.0 = Debug|Any CPU
		{AA25DFA1-92DB-4532-9DC6-461CBBDF52EC}.Debug|iPhone.ActiveCfg = Debug|Any CPU
		{AA25DFA1-92DB-4532-9DC6-461CBBDF52EC}.Debug|iPhone.Build.0 = Debug|Any CPU
		{AA25DFA1-92DB-4532-9DC6-461CBBDF52EC}.Debug|iPhone.Deploy.0 = Debug|Any CPU
		{AA25DFA1-92DB-4532-9DC6-461CBBDF52EC}.Debug|iPhoneSimulator.ActiveCfg = Debug|Any CPU
		{AA25DFA1-92DB-4532-9DC6-461CBBDF52EC}.Debug|iPhoneSimulator.Build.0 = Debug|Any CPU
		{AA25DFA1-92DB-4532-9DC6-461CBBDF52EC}.Debug|iPhoneSimulator.Deploy.0 = Debug|Any CPU
		{AA25DFA1-92DB-4532-9DC6-461CBBDF52EC}.Debug|x64.ActiveCfg = Debug|Any CPU
		{AA25DFA1-92DB-4532-9DC6-461CBBDF52EC}.Debug|x64.Build.0 = Debug|Any CPU
		{AA25DFA1-92DB-4532-9DC6-461CBBDF52EC}.Debug|x64.Deploy.0 = Debug|Any CPU
		{AA25DFA1-92DB-4532-9DC6-461CBBDF52EC}.Debug|x86.ActiveCfg = Debug|Any CPU
		{AA25DFA1-92DB-4532-9DC6-461CBBDF52EC}.Debug|x86.Build.0 = Debug|Any CPU
		{AA25DFA1-92DB-4532-9DC6-461CBBDF52EC}.Debug|x86.Deploy.0 = Debug|Any CPU
		{AA25DFA1-92DB-4532-9DC6-461CBBDF52EC}.Release|Any CPU.ActiveCfg = Release|Any CPU
		{AA25DFA1-92DB-4532-9DC6-461CBBDF52EC}.Release|Any CPU.Build.0 = Release|Any CPU
		{AA25DFA1-92DB-4532-9DC6-461CBBDF52EC}.Release|Any CPU.Deploy.0 = Release|Any CPU
		{AA25DFA1-92DB-4532-9DC6-461CBBDF52EC}.Release|ARM.ActiveCfg = Release|Any CPU
		{AA25DFA1-92DB-4532-9DC6-461CBBDF52EC}.Release|ARM.Build.0 = Release|Any CPU
		{AA25DFA1-92DB-4532-9DC6-461CBBDF52EC}.Release|ARM.Deploy.0 = Release|Any CPU
		{AA25DFA1-92DB-4532-9DC6-461CBBDF52EC}.Release|iPhone.ActiveCfg = Release|Any CPU
		{AA25DFA1-92DB-4532-9DC6-461CBBDF52EC}.Release|iPhone.Build.0 = Release|Any CPU
		{AA25DFA1-92DB-4532-9DC6-461CBBDF52EC}.Release|iPhone.Deploy.0 = Release|Any CPU
		{AA25DFA1-92DB-4532-9DC6-461CBBDF52EC}.Release|iPhoneSimulator.ActiveCfg = Release|Any CPU
		{AA25DFA1-92DB-4532-9DC6-461CBBDF52EC}.Release|iPhoneSimulator.Build.0 = Release|Any CPU
		{AA25DFA1-92DB-4532-9DC6-461CBBDF52EC}.Release|iPhoneSimulator.Deploy.0 = Release|Any CPU
		{AA25DFA1-92DB-4532-9DC6-461CBBDF52EC}.Release|x64.ActiveCfg = Release|Any CPU
		{AA25DFA1-92DB-4532-9DC6-461CBBDF52EC}.Release|x64.Build.0 = Release|Any CPU
		{AA25DFA1-92DB-4532-9DC6-461CBBDF52EC}.Release|x64.Deploy.0 = Release|Any CPU
		{AA25DFA1-92DB-4532-9DC6-461CBBDF52EC}.Release|x86.ActiveCfg = Release|Any CPU
		{AA25DFA1-92DB-4532-9DC6-461CBBDF52EC}.Release|x86.Build.0 = Release|Any CPU
		{AA25DFA1-92DB-4532-9DC6-461CBBDF52EC}.Release|x86.Deploy.0 = Release|Any CPU
	EndGlobalSection
	GlobalSection(SolutionProperties) = preSolution
		HideSolutionNode = FALSE
	EndGlobalSection
	GlobalSection(ExtensibilityGlobals) = postSolution
		SolutionGuid = {5D5E10E1-8D26-4505-AE74-D42A7C89D88C}
	EndGlobalSection
EndGlobal
